// !$*UTF8*$!
{
	archiveVersion = 1;
	classes = {
	};
	objectVersion = 46;
	objects = {

/* Begin PBXBuildFile section */
		D70B657C1C44D985008F5EB0 /* AppDelegate.swift in Sources */ = {isa = PBXBuildFile; fileRef = D70B657B1C44D985008F5EB0 /* AppDelegate.swift */; };
		D70B657E1C44D985008F5EB0 /* ViewController.swift in Sources */ = {isa = PBXBuildFile; fileRef = D70B657D1C44D985008F5EB0 /* ViewController.swift */; };
		D70B65811C44D985008F5EB0 /* Main.storyboard in Resources */ = {isa = PBXBuildFile; fileRef = D70B657F1C44D985008F5EB0 /* Main.storyboard */; };
		D70B65831C44D986008F5EB0 /* Assets.xcassets in Resources */ = {isa = PBXBuildFile; fileRef = D70B65821C44D986008F5EB0 /* Assets.xcassets */; };
/* End PBXBuildFile section */

/* Begin PBXFileReference section */
		D70B65781C44D985008F5EB0 /* PornForTV.app */ = {isa = PBXFileReference; explicitFileType = wrapper.application; includeInIndex = 0; path = PornForTV.app; sourceTree = BUILT_PRODUCTS_DIR; };
		D70B657B1C44D985008F5EB0 /* AppDelegate.swift */ = {isa = PBXFileReference; lastKnownFileType = sourcecode.swift; path = AppDelegate.swift; sourceTree = "<group>"; };
		D70B657D1C44D985008F5EB0 /* ViewController.swift */ = {isa = PBXFileReference; lastKnownFileType = sourcecode.swift; path = ViewController.swift; sourceTree = "<group>"; };
		D70B65801C44D985008F5EB0 /* Base */ = {isa = PBXFileReference; lastKnownFileType = file.storyboard; name = Base; path = Base.lproj/Main.storyboard; sourceTree = "<group>"; };
		D70B65821C44D986008F5EB0 /* Assets.xcassets */ = {isa = PBXFileReference; lastKnownFileType = folder.assetcatalog; path = Assets.xcassets; sourceTree = "<group>"; };
		D70B65841C44D986008F5EB0 /* Info.plist */ = {isa = PBXFileReference; lastKnownFileType = text.plist.xml; path = Info.plist; sourceTree = "<group>"; };
/* End PBXFileReference section */

/* Begin PBXFrameworksBuildPhase section */
		D70B65751C44D985008F5EB0 /* Frameworks */ = {
			isa = PBXFrameworksBuildPhase;
			buildActionMask = 2147483647;
			files = (
			);
			runOnlyForDeploymentPostprocessing = 0;
		};
/* End PBXFrameworksBuildPhase section */

/* Begin PBXGroup section */
		D70B656F1C44D985008F5EB0 = {
			isa = PBXGroup;
			children = (
				D70B657A1C44D985008F5EB0 /* PornForTV */,
				D70B65791C44D985008F5EB0 /* Products */,
			);
			sourceTree = "<group>";
		};
		D70B65791C44D985008F5EB0 /* Products */ = {
			isa = PBXGroup;
			children = (
				D70B65781C44D985008F5EB0 /* PornForTV.app */,
			);
			name = Products;
			sourceTree = "<group>";
		};
		D70B657A1C44D985008F5EB0 /* PornForTV */ = {
			isa = PBXGroup;
			children = (
				D70B657B1C44D985008F5EB0 /* AppDelegate.swift */,
				D70B657D1C44D985008F5EB0 /* ViewController.swift */,
				D70B657F1C44D985008F5EB0 /* Main.storyboard */,
				D70B65821C44D986008F5EB0 /* Assets.xcassets */,
				D70B65841C44D986008F5EB0 /* Info.plist */,
			);
			path = PornForTV;
			sourceTree = "<group>";
		};
/* End PBXGroup section */

/* Begin PBXNativeTarget section */
		D70B65771C44D985008F5EB0 /* PornForTV */ = {
			isa = PBXNativeTarget;
			buildConfigurationList = D70B65871C44D986008F5EB0 /* Build configuration list for PBXNativeTarget "PornForTV" */;
			buildPhases = (
				D70B65741C44D985008F5EB0 /* Sources */,
				D70B65751C44D985008F5EB0 /* Frameworks */,
				D70B65761C44D985008F5EB0 /* Resources */,
			);
			buildRules = (
			);
			dependencies = (
			);
			name = PornForTV;
			productName = PornForTV;
			productReference = D70B65781C44D985008F5EB0 /* PornForTV.app */;
			productType = "com.apple.product-type.application";
		};
/* End PBXNativeTarget section */

/* Begin PBXProject section */
		D70B65701C44D985008F5EB0 /* Project object */ = {
			isa = PBXProject;
			attributes = {
				LastSwiftUpdateCheck = 0720;
				LastUpgradeCheck = 0720;
				ORGANIZATIONNAME = noppefoxwolf;
				TargetAttributes = {
					D70B65771C44D985008F5EB0 = {
						CreatedOnToolsVersion = 7.2;
					};
				};
			};
			buildConfigurationList = D70B65731C44D985008F5EB0 /* Build configuration list for PBXProject "PornForTV" */;
			compatibilityVersion = "Xcode 3.2";
			developmentRegion = English;
			hasScannedForEncodings = 0;
			knownRegions = (
				en,
				Base,
			);
			mainGroup = D70B656F1C44D985008F5EB0;
			productRefGroup = D70B65791C44D985008F5EB0 /* Products */;
			projectDirPath = "";
			projectRoot = "";
			targets = (
				D70B65771C44D985008F5EB0 /* PornForTV */,
			);
		};
/* End PBXProject section */

/* Begin PBXResourcesBuildPhase section */
		D70B65761C44D985008F5EB0 /* Resources */ = {
			isa = PBXResourcesBuildPhase;
			buildActionMask = 2147483647;
			files = (
				D70B65831C44D986008F5EB0 /* Assets.xcassets in Resources */,
				D70B65811C44D985008F5EB0 /* Main.storyboard in Resources */,
			);
			runOnlyForDeploymentPostprocessing = 0;
		};
/* End PBXResourcesBuildPhase section */

/* Begin PBXSourcesBuildPhase section */
		D70B65741C44D985008F5EB0 /* Sources */ = {
			isa = PBXSourcesBuildPhase;
			buildActionMask = 2147483647;
			files = (
				D70B657E1C44D985008F5EB0 /* ViewController.swift in Sources */,
				D70B657C1C44D985008F5EB0 /* AppDelegate.swift in Sources */,
			);
			runOnlyForDeploymentPostprocessing = 0;
		};
/* End PBXSourcesBuildPhase section */

/* Begin PBXVariantGroup section */
		D70B657F1C44D985008F5EB0 /* Main.storyboard */ = {
			isa = PBXVariantGroup;
			children = (
				D70B65801C44D985008F5EB0 /* Base */,
			);
			name = Main.storyboard;
			sourceTree = "<group>";
		};
/* End PBXVariantGroup section */

/* Begin XCBuildConfiguration section */
		D70B65851C44D986008F5EB0 /* Debug */ = {
			isa = XCBuildConfiguration;
			buildSettings = {
				ALWAYS_SEARCH_USER_PATHS = NO;
				CLANG_CXX_LANGUAGE_STANDARD = "gnu++0x";
				CLANG_CXX_LIBRARY = "libc++";
				CLANG_ENABLE_MODULES = YES;
				CLANG_ENABLE_OBJC_ARC = YES;
				CLANG_WARN_BOOL_CONVERSION = YES;
				CLANG_WARN_CONSTANT_CONVERSION = YES;
				CLANG_WARN_DIRECT_OBJC_ISA_USAGE = YES_ERROR;
				CLANG_WARN_EMPTY_BODY = YES;
				CLANG_WARN_ENUM_CONVERSION = YES;
				CLANG_WARN_INT_CONVERSION = YES;
				CLANG_WARN_OBJC_ROOT_CLASS = YES_ERROR;
				CLANG_WARN_UNREACHABLE_CODE = YES;
				CLANG_WARN__DUPLICATE_METHOD_MATCH = YES;
				COPY_PHASE_STRIP = NO;
				DEBUG_INFORMATION_FORMAT = dwarf;
				ENABLE_STRICT_OBJC_MSGSEND = YES;
				ENABLE_TESTABILITY = YES;
				GCC_C_LANGUAGE_STANDARD = gnu99;
				GCC_DYNAMIC_NO_PIC = NO;
				GCC_NO_COMMON_BLOCKS = YES;
				GCC_OPTIMIZATION_LEVEL = 0;
				GCC_PREPROCESSOR_DEFINITIONS = (
					"DEBUG=1",
					"$(inherited)",
				);
				GCC_WARN_64_TO_32_BIT_CONVERSION = YES;
				GCC_WARN_ABOUT_RETURN_TYPE = YES_ERROR;
				GCC_WARN_UNDECLARED_SELECTOR = YES;
				GCC_WARN_UNINITIALIZED_AUTOS = YES_AGGRESSIVE;
				GCC_WARN_UNUSED_FUNCTION = YES;
				GCC_WARN_UNUSED_VARIABLE = YES;
				MTL_ENABLE_DEBUG_INFO = YES;
				ONLY_ACTIVE_ARCH = YES;
				SDKROOT = appletvos;
				SWIFT_OPTIMIZATION_LEVEL = "-Onone";
				TARGETED_DEVICE_FAMILY = 3;
				TVOS_DEPLOYMENT_TARGET = 9.1;
			};
			name = Debug;
		};
		D70B65861C44D986008F5EB0 /* Release */ = {
			isa = XCBuildConfiguration;
			buildSettings = {
				ALWAYS_SEARCH_USER_PATHS = NO;
				CLANG_CXX_LANGUAGE_STANDARD = "gnu++0x";
				CLANG_CXX_LIBRARY = "libc++";
				CLANG_ENABLE_MODULES = YES;
				CLANG_ENABLE_OBJC_ARC = YES;
				CLANG_WARN_BOOL_CONVERSION = YES;
				CLANG_WARN_CONSTANT_CONVERSION = YES;
				CLANG_WARN_DIRECT_OBJC_ISA_USAGE = YES_ERROR;
				CLANG_WARN_EMPTY_BODY = YES;
				CLANG_WARN_ENUM_CONVERSION = YES;
				CLANG_WARN_INT_CONVERSION = YES;
				CLANG_WARN_OBJC_ROOT_CLASS = YES_ERROR;
				CLANG_WARN_UNREACHABLE_CODE = YES;
				CLANG_WARN__DUPLICATE_METHOD_MATCH = YES;
				COPY_PHASE_STRIP = NO;
				DEBUG_INFORMATION_FORMAT = "dwarf-with-dsym";
				ENABLE_NS_ASSERTIONS = NO;
				ENABLE_STRICT_OBJC_MSGSEND = YES;
				GCC_C_LANGUAGE_STANDARD = gnu99;
				GCC_NO_COMMON_BLOCKS = YES;
				GCC_WARN_64_TO_32_BIT_CONVERSION = YES;
				GCC_WARN_ABOUT_RETURN_TYPE = YES_ERROR;
				GCC_WARN_UNDECLARED_SELECTOR = YES;
				GCC_WARN_UNINITIALIZED_AUTOS = YES_AGGRESSIVE;
				GCC_WARN_UNUSED_FUNCTION = YES;
				GCC_WARN_UNUSED_VARIABLE = YES;
				MTL_ENABLE_DEBUG_INFO = NO;
				SDKROOT = appletvos;
				TARGETED_DEVICE_FAMILY = 3;
				TVOS_DEPLOYMENT_TARGET = 9.1;
				VALIDATE_PRODUCT = YES;
			};
			name = Release;
		};
		D70B65881C44D986008F5EB0 /* Debug */ = {
			isa = XCBuildConfiguration;
			buildSettings = {
				ASSETCATALOG_COMPILER_APPICON_NAME = "App Icon & Top Shelf Image";
				ASSETCATALOG_COMPILER_LAUNCHIMAGE_NAME = LaunchImage;
				INFOPLIST_FILE = PornForTV/Info.plist;
				LD_RUNPATH_SEARCH_PATHS = "$(inherited) @executable_path/Frameworks";
				PRODUCT_BUNDLE_IDENTIFIER = com.fivemeo.PornForTV;
				PRODUCT_NAME = "$(TARGET_NAME)";
			};
			name = Debug;
		};
		D70B65891C44D986008F5EB0 /* Release */ = {
			isa = XCBuildConfiguration;
			buildSettings = {
				ASSETCATALOG_COMPILER_APPICON_NAME = "App Icon & Top Shelf Image";
				ASSETCATALOG_COMPILER_LAUNCHIMAGE_NAME = LaunchImage;
				INFOPLIST_FILE = PornForTV/Info.plist;
				LD_RUNPATH_SEARCH_PATHS = "$(inherited) @executable_path/Frameworks";
				PRODUCT_BUNDLE_IDENTIFIER = com.fivemeo.PornForTV;
				PRODUCT_NAME = "$(TARGET_NAME)";
			};
			name = Release;
		};
/* End XCBuildConfiguration section */

/* Begin XCConfigurationList section */
		D70B65731C44D985008F5EB0 /* Build configuration list for PBXProject "PornForTV" */ = {
			isa = XCConfigurationList;
			buildConfigurations = (
				D70B65851C44D986008F5EB0 /* Debug */,
				D70B65861C44D986008F5EB0 /* Release */,
			);
			defaultConfigurationIsVisible = 0;
			defaultConfigurationName = Release;
		};
		D70B65871C44D986008F5EB0 /* Build configuration list for PBXNativeTarget "PornForTV" */ = {
			isa = XCConfigurationList;
			buildConfigurations = (
				D70B65881C44D986008F5EB0 /* Debug */,
				D70B65891C44D986008F5EB0 /* Release */,
			);
			defaultConfigurationIsVisible = 0;
		};
/* End XCConfigurationList section */
	};
	rootObject = D70B65701C44D985008F5EB0 /* Project object */;
}
